// !$*UTF8*$!
{
	archiveVersion = 1;
	classes = {
	};
	objectVersion = 46;
	objects = {

/* Begin PBXBuildFile section */
		6F251A020B06E95893E09E3C /* Pods_tumblrFeed.framework in Frameworks */ = {isa = PBXBuildFile; fileRef = DA944C81E5D5CC0D553C2101 /* Pods_tumblrFeed.framework */; };
		924F9DC41E422ECF000373F3 /* AppDelegate.swift in Sources */ = {isa = PBXBuildFile; fileRef = 924F9DC31E422ECF000373F3 /* AppDelegate.swift */; };
		924F9DC91E422ECF000373F3 /* Main.storyboard in Resources */ = {isa = PBXBuildFile; fileRef = 924F9DC71E422ECF000373F3 /* Main.storyboard */; };
		924F9DCB1E422ECF000373F3 /* Assets.xcassets in Resources */ = {isa = PBXBuildFile; fileRef = 924F9DCA1E422ECF000373F3 /* Assets.xcassets */; };
		924F9DCE1E422ECF000373F3 /* LaunchScreen.storyboard in Resources */ = {isa = PBXBuildFile; fileRef = 924F9DCC1E422ECF000373F3 /* LaunchScreen.storyboard */; };
		9292020E1E423318002F8C7C /* PhotosViewController.swift in Sources */ = {isa = PBXBuildFile; fileRef = 9292020D1E423318002F8C7C /* PhotosViewController.swift */; };
		929202111E42AE79002F8C7C /* PhotoCellTableViewCell.swift in Sources */ = {isa = PBXBuildFile; fileRef = 929202101E42AE79002F8C7C /* PhotoCellTableViewCell.swift */; };
/* End PBXBuildFile section */

/* Begin PBXFileReference section */
		0B2D2404F49EA20350165EE7 /* Pods-tumblrFeed.debug.xcconfig */ = {isa = PBXFileReference; includeInIndex = 1; lastKnownFileType = text.xcconfig; name = "Pods-tumblrFeed.debug.xcconfig"; path = "Pods/Target Support Files/Pods-tumblrFeed/Pods-tumblrFeed.debug.xcconfig"; sourceTree = "<group>"; };
		0D09F60977BA756CCE8C5B91 /* Pods-tumblrFeed.release.xcconfig */ = {isa = PBXFileReference; includeInIndex = 1; lastKnownFileType = text.xcconfig; name = "Pods-tumblrFeed.release.xcconfig"; path = "Pods/Target Support Files/Pods-tumblrFeed/Pods-tumblrFeed.release.xcconfig"; sourceTree = "<group>"; };
		924F9DC01E422ECF000373F3 /* tumblrFeed.app */ = {isa = PBXFileReference; explicitFileType = wrapper.application; includeInIndex = 0; path = tumblrFeed.app; sourceTree = BUILT_PRODUCTS_DIR; };
		924F9DC31E422ECF000373F3 /* AppDelegate.swift */ = {isa = PBXFileReference; lastKnownFileType = sourcecode.swift; path = AppDelegate.swift; sourceTree = "<group>"; };
		924F9DC81E422ECF000373F3 /* Base */ = {isa = PBXFileReference; lastKnownFileType = file.storyboard; name = Base; path = Base.lproj/Main.storyboard; sourceTree = "<group>"; };
		924F9DCA1E422ECF000373F3 /* Assets.xcassets */ = {isa = PBXFileReference; lastKnownFileType = folder.assetcatalog; path = Assets.xcassets; sourceTree = "<group>"; };
		924F9DCD1E422ECF000373F3 /* Base */ = {isa = PBXFileReference; lastKnownFileType = file.storyboard; name = Base; path = Base.lproj/LaunchScreen.storyboard; sourceTree = "<group>"; };
		924F9DCF1E422ECF000373F3 /* Info.plist */ = {isa = PBXFileReference; lastKnownFileType = text.plist.xml; path = Info.plist; sourceTree = "<group>"; };
		9292020D1E423318002F8C7C /* PhotosViewController.swift */ = {isa = PBXFileReference; fileEncoding = 4; lastKnownFileType = sourcecode.swift; path = PhotosViewController.swift; sourceTree = "<group>"; };
		929202101E42AE79002F8C7C /* PhotoCellTableViewCell.swift */ = {isa = PBXFileReference; fileEncoding = 4; lastKnownFileType = sourcecode.swift; path = PhotoCellTableViewCell.swift; sourceTree = "<group>"; };
		DA944C81E5D5CC0D553C2101 /* Pods_tumblrFeed.framework */ = {isa = PBXFileReference; explicitFileType = wrapper.framework; includeInIndex = 0; path = Pods_tumblrFeed.framework; sourceTree = BUILT_PRODUCTS_DIR; };
/* End PBXFileReference section */

/* Begin PBXFrameworksBuildPhase section */
		924F9DBD1E422ECE000373F3 /* Frameworks */ = {
			isa = PBXFrameworksBuildPhase;
			buildActionMask = 2147483647;
			files = (
				6F251A020B06E95893E09E3C /* Pods_tumblrFeed.framework in Frameworks */,
			);
			runOnlyForDeploymentPostprocessing = 0;
		};
/* End PBXFrameworksBuildPhase section */

/* Begin PBXGroup section */
		00E79633E880DD2E95CF06BB /* Pods */ = {
			isa = PBXGroup;
			children = (
				0B2D2404F49EA20350165EE7 /* Pods-tumblrFeed.debug.xcconfig */,
				0D09F60977BA756CCE8C5B91 /* Pods-tumblrFeed.release.xcconfig */,
			);
			name = Pods;
			sourceTree = "<group>";
		};
		924F9DB71E422ECE000373F3 = {
			isa = PBXGroup;
			children = (
				924F9DC21E422ECF000373F3 /* tumblrFeed */,
				924F9DC11E422ECF000373F3 /* Products */,
				00E79633E880DD2E95CF06BB /* Pods */,
				C159A20AF155FDCDB3A4A8BD /* Frameworks */,
			);
			sourceTree = "<group>";
		};
		924F9DC11E422ECF000373F3 /* Products */ = {
			isa = PBXGroup;
			children = (
				924F9DC01E422ECF000373F3 /* tumblrFeed.app */,
			);
			name = Products;
			sourceTree = "<group>";
		};
		924F9DC21E422ECF000373F3 /* tumblrFeed */ = {
			isa = PBXGroup;
			children = (
				9292020F1E42331F002F8C7C /* ViewControllers */,
				924F9DC31E422ECF000373F3 /* AppDelegate.swift */,
				924F9DC71E422ECF000373F3 /* Main.storyboard */,
				924F9DCA1E422ECF000373F3 /* Assets.xcassets */,
				924F9DCC1E422ECF000373F3 /* LaunchScreen.storyboard */,
				924F9DCF1E422ECF000373F3 /* Info.plist */,
			);
			path = tumblrFeed;
			sourceTree = "<group>";
		};
		9292020F1E42331F002F8C7C /* ViewControllers */ = {
			isa = PBXGroup;
			children = (
				929202101E42AE79002F8C7C /* PhotoCellTableViewCell.swift */,
				9292020D1E423318002F8C7C /* PhotosViewController.swift */,
			);
			name = ViewControllers;
			sourceTree = "<group>";
		};
		C159A20AF155FDCDB3A4A8BD /* Frameworks */ = {
			isa = PBXGroup;
			children = (
				DA944C81E5D5CC0D553C2101 /* Pods_tumblrFeed.framework */,
			);
			name = Frameworks;
			sourceTree = "<group>";
		};
/* End PBXGroup section */

/* Begin PBXNativeTarget section */
		924F9DBF1E422ECE000373F3 /* tumblrFeed */ = {
			isa = PBXNativeTarget;
			buildConfigurationList = 924F9DD21E422ECF000373F3 /* Build configuration list for PBXNativeTarget "tumblrFeed" */;
			buildPhases = (
				9A18F5C72CEE472728B4E3B6 /* [CP] Check Pods Manifest.lock */,
				924F9DBC1E422ECE000373F3 /* Sources */,
				924F9DBD1E422ECE000373F3 /* Frameworks */,
				924F9DBE1E422ECE000373F3 /* Resources */,
				D576BCA2F57F576058DFB62D /* [CP] Embed Pods Frameworks */,
				8C9F06FBAA550AE6DB58A81C /* [CP] Copy Pods Resources */,
			);
			buildRules = (
			);
			dependencies = (
			);
			name = tumblrFeed;
			productName = tumblrFeed;
			productReference = 924F9DC01E422ECF000373F3 /* tumblrFeed.app */;
			productType = "com.apple.product-type.application";
		};
/* End PBXNativeTarget section */

/* Begin PBXProject section */
		924F9DB81E422ECE000373F3 /* Project object */ = {
			isa = PBXProject;
			attributes = {
				LastSwiftUpdateCheck = 0810;
				LastUpgradeCheck = 0810;
				ORGANIZATIONNAME = "Jose-Rafael Diaz";
				TargetAttributes = {
					924F9DBF1E422ECE000373F3 = {
						CreatedOnToolsVersion = 8.1;
						ProvisioningStyle = Automatic;
					};
				};
			};
			buildConfigurationList = 924F9DBB1E422ECE000373F3 /* Build configuration list for PBXProject "tumblrFeed" */;
			compatibilityVersion = "Xcode 3.2";
			developmentRegion = English;
			hasScannedForEncodings = 0;
			knownRegions = (
				en,
				Base,
			);
			mainGroup = 924F9DB71E422ECE000373F3;
			productRefGroup = 924F9DC11E422ECF000373F3 /* Products */;
			projectDirPath = "";
			projectRoot = "";
			targets = (
				924F9DBF1E422ECE000373F3 /* tumblrFeed */,
			);
		};
/* End PBXProject section */

/* Begin PBXResourcesBuildPhase section */
		924F9DBE1E422ECE000373F3 /* Resources */ = {
			isa = PBXResourcesBuildPhase;
			buildActionMask = 2147483647;
			files = (
				924F9DCE1E422ECF000373F3 /* LaunchScreen.storyboard in Resources */,
				924F9DCB1E422ECF000373F3 /* Assets.xcassets in Resources */,
				924F9DC91E422ECF000373F3 /* Main.storyboard in Resources */,
			);
			runOnlyForDeploymentPostprocessing = 0;
		};
/* End PBXResourcesBuildPhase section */

/* Begin PBXShellScriptBuildPhase section */
		8C9F06FBAA550AE6DB58A81C /* [CP] Copy Pods Resources */ = {
			isa = PBXShellScriptBuildPhase;
			buildActionMask = 2147483647;
			files = (
			);
			inputPaths = (
			);
			name = "[CP] Copy Pods Resources";
			outputPaths = (
			);
			runOnlyForDeploymentPostprocessing = 0;
			shellPath = /bin/sh;
			shellScript = "\"${SRCROOT}/Pods/Target Support Files/Pods-tumblrFeed/Pods-tumblrFeed-resources.sh\"\n";
			showEnvVarsInLog = 0;
		};
		9A18F5C72CEE472728B4E3B6 /* [CP] Check Pods Manifest.lock */ = {
			isa = PBXShellScriptBuildPhase;
			buildActionMask = 2147483647;
			files = (
			);
			inputPaths = (
			);
			name = "[CP] Check Pods Manifest.lock";
			outputPaths = (
			);
			runOnlyForDeploymentPostprocessing = 0;
			shellPath = /bin/sh;
			shellScript = "diff \"${PODS_ROOT}/../Podfile.lock\" \"${PODS_ROOT}/Manifest.lock\" > /dev/null\nif [ $? != 0 ] ; then\n    # print error to STDERR\n    echo \"error: The sandbox is not in sync with the Podfile.lock. Run 'pod install' or update your CocoaPods installation.\" >&2\n    exit 1\nfi\n";
			showEnvVarsInLog = 0;
		};
		D576BCA2F57F576058DFB62D /* [CP] Embed Pods Frameworks */ = {
			isa = PBXShellScriptBuildPhase;
			buildActionMask = 2147483647;
			files = (
			);
			inputPaths = (
			);
			name = "[CP] Embed Pods Frameworks";
			outputPaths = (
			);
			runOnlyForDeploymentPostprocessing = 0;
			shellPath = /bin/sh;
			shellScript = "\"${SRCROOT}/Pods/Target Support Files/Pods-tumblrFeed/Pods-tumblrFeed-frameworks.sh\"\n";
			showEnvVarsInLog = 0;
		};
/* End PBXShellScriptBuildPhase section */

/* Begin PBXSourcesBuildPhase section */
		924F9DBC1E422ECE000373F3 /* Sources */ = {
			isa = PBXSourcesBuildPhase;
			buildActionMask = 2147483647;
			files = (
				924F9DC41E422ECF000373F3 /* AppDelegate.swift in Sources */,
				929202111E42AE79002F8C7C /* PhotoCellTableViewCell.swift in Sources */,
				9292020E1E423318002F8C7C /* PhotosViewController.swift in Sources */,
			);
			runOnlyForDeploymentPostprocessing = 0;
		};
/* End PBXSourcesBuildPhase section */

/* Begin PBXVariantGroup section */
		924F9DC71E422ECF000373F3 /* Main.storyboard */ = {
			isa = PBXVariantGroup;
			children = (
				924F9DC81E422ECF000373F3 /* Base */,
			);
			name = Main.storyboard;
			sourceTree = "<group>";
		};
		924F9DCC1E422ECF000373F3 /* LaunchScreen.storyboard */ = {
			isa = PBXVariantGroup;
			children = (
				924F9DCD1E422ECF000373F3 /* Base */,
			);
			name = LaunchScreen.storyboard;
			sourceTree = "<group>";
		};
/* End PBXVariantGroup section */

/* Begin XCBuildConfiguration section */
		924F9DD01E422ECF000373F3 /* Debug */ = {
			isa = XCBuildConfiguration;
			buildSettings = {
				ALWAYS_SEARCH_USER_PATHS = NO;
				CLANG_ANALYZER_NONNULL = YES;
				CLANG_CXX_LANGUAGE_STANDARD = "gnu++0x";
				CLANG_CXX_LIBRARY = "libc++";
				CLANG_ENABLE_MODULES = YES;
				CLANG_ENABLE_OBJC_ARC = YES;
				CLANG_WARN_BOOL_CONVERSION = YES;
				CLANG_WARN_CONSTANT_CONVERSION = YES;
				CLANG_WARN_DIRECT_OBJC_ISA_USAGE = YES_ERROR;
				CLANG_WARN_DOCUMENTATION_COMMENTS = YES;
				CLANG_WARN_EMPTY_BODY = YES;
				CLANG_WARN_ENUM_CONVERSION = YES;
				CLANG_WARN_INFINITE_RECURSION = YES;
				CLANG_WARN_INT_CONVERSION = YES;
				CLANG_WARN_OBJC_ROOT_CLASS = YES_ERROR;
				CLANG_WARN_SUSPICIOUS_MOVES = YES;
				CLANG_WARN_UNREACHABLE_CODE = YES;
				CLANG_WARN__DUPLICATE_METHOD_MATCH = YES;
				"CODE_SIGN_IDENTITY[sdk=iphoneos*]" = "iPhone Developer";
				COPY_PHASE_STRIP = NO;
				DEBUG_INFORMATION_FORMAT = dwarf;
				ENABLE_STRICT_OBJC_MSGSEND = YES;
				ENABLE_TESTABILITY = YES;
				GCC_C_LANGUAGE_STANDARD = gnu99;
				GCC_DYNAMIC_NO_PIC = NO;
				GCC_NO_COMMON_BLOCKS = YES;
				GCC_OPTIMIZATION_LEVEL = 0;
				GCC_PREPROCESSOR_DEFINITIONS = (
					"DEBUG=1",
					"$(inherited)",
				);
				GCC_WARN_64_TO_32_BIT_CONVERSION = YES;
				GCC_WARN_ABOUT_RETURN_TYPE = YES_ERROR;
				GCC_WARN_UNDECLARED_SELECTOR = YES;
				GCC_WARN_UNINITIALIZED_AUTOS = YES_AGGRESSIVE;
				GCC_WARN_UNUSED_FUNCTION = YES;
				GCC_WARN_UNUSED_VARIABLE = YES;
				IPHONEOS_DEPLOYMENT_TARGET = 10.1;
				MTL_ENABLE_DEBUG_INFO = YES;
				ONLY_ACTIVE_ARCH = YES;
				SDKROOT = iphoneos;
				SWIFT_ACTIVE_COMPILATION_CONDITIONS = DEBUG;
				SWIFT_OPTIMIZATION_LEVEL = "-Onone";
			};
			name = Debug;
		};
		924F9DD11E422ECF000373F3 /* Release */ = {
			isa = XCBuildConfiguration;
			buildSettings = {
				ALWAYS_SEARCH_USER_PATHS = NO;
				CLANG_ANALYZER_NONNULL = YES;
				CLANG_CXX_LANGUAGE_STANDARD = "gnu++0x";
				CLANG_CXX_LIBRARY = "libc++";
				CLANG_ENABLE_MODULES = YES;
				CLANG_ENABLE_OBJC_ARC = YES;
				CLANG_WARN_BOOL_CONVERSION = YES;
				CLANG_WARN_CONSTANT_CONVERSION = YES;
				CLANG_WARN_DIRECT_OBJC_ISA_USAGE = YES_ERROR;
				CLANG_WARN_DOCUMENTATION_COMMENTS = YES;
				CLANG_WARN_EMPTY_BODY = YES;
				CLANG_WARN_ENUM_CONVERSION = YES;
				CLANG_WARN_INFINITE_RECURSION = YES;
				CLANG_WARN_INT_CONVERSION = YES;
				CLANG_WARN_OBJC_ROOT_CLASS = YES_ERROR;
				CLANG_WARN_SUSPICIOUS_MOVES = YES;
				CLANG_WARN_UNREACHABLE_CODE = YES;
				CLANG_WARN__DUPLICATE_METHOD_MATCH = YES;
				"CODE_SIGN_IDENTITY[sdk=iphoneos*]" = "iPhone Developer";
				COPY_PHASE_STRIP = NO;
				DEBUG_INFORMATION_FORMAT = "dwarf-with-dsym";
				ENABLE_NS_ASSERTIONS = NO;
				ENABLE_STRICT_OBJC_MSGSEND = YES;
				GCC_C_LANGUAGE_STANDARD = gnu99;
				GCC_NO_COMMON_BLOCKS = YES;
				GCC_WARN_64_TO_32_BIT_CONVERSION = YES;
				GCC_WARN_ABOUT_RETURN_TYPE = YES_ERROR;
				GCC_WARN_UNDECLARED_SELECTOR = YES;
				GCC_WARN_UNINITIALIZED_AUTOS = YES_AGGRESSIVE;
				GCC_WARN_UNUSED_FUNCTION = YES;
				GCC_WARN_UNUSED_VARIABLE = YES;
				IPHONEOS_DEPLOYMENT_TARGET = 10.1;
				MTL_ENABLE_DEBUG_INFO = NO;
				SDKROOT = iphoneos;
				SWIFT_OPTIMIZATION_LEVEL = "-Owholemodule";
				VALIDATE_PRODUCT = YES;
			};
			name = Release;
		};
		924F9DD31E422ECF000373F3 /* Debug */ = {
			isa = XCBuildConfiguration;
			baseConfigurationReference = 0B2D2404F49EA20350165EE7 /* Pods-tumblrFeed.debug.xcconfig */;
			buildSettings = {
				ASSETCATALOG_COMPILER_APPICON_NAME = AppIcon;
				INFOPLIST_FILE = tumblrFeed/Info.plist;
				LD_RUNPATH_SEARCH_PATHS = "$(inherited) @executable_path/Frameworks";
				PRODUCT_BUNDLE_IDENTIFIER = com.josediaz.tumblrFeed;
				PRODUCT_NAME = "$(TARGET_NAME)";
				SWIFT_VERSION = 3.0;
			};
			name = Debug;
		};
		924F9DD41E422ECF000373F3 /* Release */ = {
			isa = XCBuildConfiguration;
			baseConfigurationReference = 0D09F60977BA756CCE8C5B91 /* Pods-tumblrFeed.release.xcconfig */;
			buildSettings = {
				ASSETCATALOG_COMPILER_APPICON_NAME = AppIcon;
				INFOPLIST_FILE = tumblrFeed/Info.plist;
				LD_RUNPATH_SEARCH_PATHS = "$(inherited) @executable_path/Frameworks";
				PRODUCT_BUNDLE_IDENTIFIER = com.josediaz.tumblrFeed;
				PRODUCT_NAME = "$(TARGET_NAME)";
				SWIFT_VERSION = 3.0;
			};
			name = Release;
		};
/* End XCBuildConfiguration section */

/* Begin XCConfigurationList section */
		924F9DBB1E422ECE000373F3 /* Build configuration list for PBXProject "tumblrFeed" */ = {
			isa = XCConfigurationList;
			buildConfigurations = (
				924F9DD01E422ECF000373F3 /* Debug */,
				924F9DD11E422ECF000373F3 /* Release */,
			);
			defaultConfigurationIsVisible = 0;
			defaultConfigurationName = Release;
		};
		924F9DD21E422ECF000373F3 /* Build configuration list for PBXNativeTarget "tumblrFeed" */ = {
			isa = XCConfigurationList;
			buildConfigurations = (
				924F9DD31E422ECF000373F3 /* Debug */,
				924F9DD41E422ECF000373F3 /* Release */,
			);
			defaultConfigurationIsVisible = 0;
			defaultConfigurationName = Release;
		};
/* End XCConfigurationList section */
	};
	rootObject = 924F9DB81E422ECE000373F3 /* Project object */;
}
